
Microsoft Visual Studio Solution File, Format Version 12.00
# Visual Studio Version 17
VisualStudioVersion = 17.0.31919.166
MinimumVisualStudioVersion = 10.0.40219.1
Project("{FAE04EC0-301F-11D3-BF4B-00C04F79EFBC}") = "CytoscapeOnline", "CytoscapeOnline\CytoscapeOnline.csproj", "{155245C6-F2DF-4F70-BF0F-1250E6C1A582}"
EndProject
Project("{9A19103F-16F7-4668-BE54-9A1E7A4F7556}") = "GenericComputationPlatform", "GenericComputationPlatform\GenericComputationPlatform.csproj", "{DDC57CB5-B4E2-4805-BE18-B467B8370AB1}"
EndProject
Project("{2150E333-8FDC-42A3-9474-1A3956D46DE8}") = "Unilities", "Unilities", "{5A6BCBAB-C752-41AB-A57C-2944E16CD011}"
	ProjectSection(SolutionItems) = preProject
		httpd.conf = httpd.conf
		readme.txt = readme.txt
		Workflows.txt = Workflows.txt
	EndProjectSection
EndProject
Project("{9A19103F-16F7-4668-BE54-9A1E7A4F7556}") = "WF5_PrecomputeFingerprints", "PrecomputeFingerprints\WF5_PrecomputeFingerprints.csproj", "{82FA5726-186A-4B69-9FBE-801EE8B94BCB}"
EndProject
Project("{9A19103F-16F7-4668-BE54-9A1E7A4F7556}") = "CommonTools", "CommonTools\CommonTools.csproj", "{5206E070-C801-419C-A3A1-38D36A174543}"
EndProject
Project("{9A19103F-16F7-4668-BE54-9A1E7A4F7556}") = "WF7_MergeDockingResults", "MergeDockingResults\WF7_MergeDockingResults.csproj", "{3D1EB41C-C298-40D0-90C6-229756D55FB3}"
EndProject
Project("{9A19103F-16F7-4668-BE54-9A1E7A4F7556}") = "WF4_BuildFingerprintDatabase", "BuildFingerprintDatabase\WF4_BuildFingerprintDatabase.csproj", "{327F7899-73C1-4812-A5A9-0973247DC52E}"
EndProject
Project("{9A19103F-16F7-4668-BE54-9A1E7A4F7556}") = "WF2_ProcessChemblActivityData", "ProcessChemblActivityData\WF2_ProcessChemblActivityData.csproj", "{B685CFF5-F0B4-4361-871A-59AD6B321661}"
EndProject
Project("{9A19103F-16F7-4668-BE54-9A1E7A4F7556}") = "WF3_ProvisionCompoundsForDocking", "ProvisionLigandsForDocking\WF3_ProvisionCompoundsForDocking.csproj", "{DFB76828-3E40-4AF5-B582-29A657A39574}"
EndProject
Project("{9A19103F-16F7-4668-BE54-9A1E7A4F7556}") = "DockingDataModels", "DockingDataModels\DockingDataModels.csproj", "{23BBC639-4893-4C8D-B6FB-CBB7BF61EC43}"
EndProject
Project("{9A19103F-16F7-4668-BE54-9A1E7A4F7556}") = "DockingApiService", "DockingApiService\DockingApiService.csproj", "{C005C899-9EE3-4779-849B-F52381D24E86}"
EndProject
Project("{9A19103F-16F7-4668-BE54-9A1E7A4F7556}") = "ChemicalFunctions", "..\RatCvsSimulation\ChemicalFunctions\ChemicalFunctions.csproj", "{32F0F576-B319-4954-8E3B-18005E545574}"
EndProject
Project("{9A19103F-16F7-4668-BE54-9A1E7A4F7556}") = "DockingApiClient", "DockingApiClient\DockingApiClient.csproj", "{293CBB83-C771-4585-BED6-DCBA29DCA4AE}"
EndProject
Project("{9A19103F-16F7-4668-BE54-9A1E7A4F7556}") = "WF1_DownloadChemblBioactivityData", "..\RatCvsSimulation\DownloadChemblBioactivityData\WF1_DownloadChemblBioactivityData.csproj", "{5ABDAB5F-AFBA-4285-BB67-9F73BFD5EAC6}"
EndProject
Project("{9A19103F-16F7-4668-BE54-9A1E7A4F7556}") = "ComputeLigandSimilarities", "ComputeLigandSimilarities\ComputeLigandSimilarities.csproj", "{1EBA0455-6C01-4612-8FAA-9DD0CD2DBFAA}"
EndProject
Project("{9A19103F-16F7-4668-BE54-9A1E7A4F7556}") = "WF0_FetchProteinData", "FetchProteinData\WF0_FetchProteinData.csproj", "{1DF730DD-89FA-42AE-9C6D-1250D0653263}"
EndProject
Project("{9A19103F-16F7-4668-BE54-9A1E7A4F7556}") = "WF6_ComputeNextDockingJob", "ComputeNextDockingJob\WF6_ComputeNextDockingJob.csproj", "{6486A20C-BAE9-4495-8055-294646FEAF93}"
EndProject
Global
	GlobalSection(SolutionConfigurationPlatforms) = preSolution
		Debug|Any CPU = Debug|Any CPU
		Debug|x64 = Debug|x64
		Debug|x86 = Debug|x86
		Release|Any CPU = Release|Any CPU
		Release|x64 = Release|x64
		Release|x86 = Release|x86
	EndGlobalSection
	GlobalSection(ProjectConfigurationPlatforms) = postSolution
		{155245C6-F2DF-4F70-BF0F-1250E6C1A582}.Debug|Any CPU.ActiveCfg = Debug|Any CPU
		{155245C6-F2DF-4F70-BF0F-1250E6C1A582}.Debug|Any CPU.Build.0 = Debug|Any CPU
		{155245C6-F2DF-4F70-BF0F-1250E6C1A582}.Debug|x64.ActiveCfg = Debug|Any CPU
		{155245C6-F2DF-4F70-BF0F-1250E6C1A582}.Debug|x86.ActiveCfg = Debug|Any CPU
		{155245C6-F2DF-4F70-BF0F-1250E6C1A582}.Release|Any CPU.ActiveCfg = Release|Any CPU
		{155245C6-F2DF-4F70-BF0F-1250E6C1A582}.Release|Any CPU.Build.0 = Release|Any CPU
		{155245C6-F2DF-4F70-BF0F-1250E6C1A582}.Release|x64.ActiveCfg = Release|Any CPU
		{155245C6-F2DF-4F70-BF0F-1250E6C1A582}.Release|x86.ActiveCfg = Release|Any CPU
		{DDC57CB5-B4E2-4805-BE18-B467B8370AB1}.Debug|Any CPU.ActiveCfg = Debug|Any CPU
		{DDC57CB5-B4E2-4805-BE18-B467B8370AB1}.Debug|Any CPU.Build.0 = Debug|Any CPU
		{DDC57CB5-B4E2-4805-BE18-B467B8370AB1}.Debug|x64.ActiveCfg = Debug|Any CPU
		{DDC57CB5-B4E2-4805-BE18-B467B8370AB1}.Debug|x64.Build.0 = Debug|Any CPU
		{DDC57CB5-B4E2-4805-BE18-B467B8370AB1}.Debug|x86.ActiveCfg = Debug|Any CPU
		{DDC57CB5-B4E2-4805-BE18-B467B8370AB1}.Debug|x86.Build.0 = Debug|Any CPU
		{DDC57CB5-B4E2-4805-BE18-B467B8370AB1}.Release|Any CPU.ActiveCfg = Release|Any CPU
		{DDC57CB5-B4E2-4805-BE18-B467B8370AB1}.Release|Any CPU.Build.0 = Release|Any CPU
		{DDC57CB5-B4E2-4805-BE18-B467B8370AB1}.Release|x64.ActiveCfg = Release|Any CPU
		{DDC57CB5-B4E2-4805-BE18-B467B8370AB1}.Release|x64.Build.0 = Release|Any CPU
		{DDC57CB5-B4E2-4805-BE18-B467B8370AB1}.Release|x86.ActiveCfg = Release|Any CPU
		{DDC57CB5-B4E2-4805-BE18-B467B8370AB1}.Release|x86.Build.0 = Release|Any CPU
		{82FA5726-186A-4B69-9FBE-801EE8B94BCB}.Debug|Any CPU.ActiveCfg = Debug|Any CPU
		{82FA5726-186A-4B69-9FBE-801EE8B94BCB}.Debug|Any CPU.Build.0 = Debug|Any CPU
		{82FA5726-186A-4B69-9FBE-801EE8B94BCB}.Debug|x64.ActiveCfg = Debug|Any CPU
		{82FA5726-186A-4B69-9FBE-801EE8B94BCB}.Debug|x64.Build.0 = Debug|Any CPU
		{82FA5726-186A-4B69-9FBE-801EE8B94BCB}.Debug|x86.ActiveCfg = Debug|Any CPU
		{82FA5726-186A-4B69-9FBE-801EE8B94BCB}.Debug|x86.Build.0 = Debug|Any CPU
		{82FA5726-186A-4B69-9FBE-801EE8B94BCB}.Release|Any CPU.ActiveCfg = Release|Any CPU
		{82FA5726-186A-4B69-9FBE-801EE8B94BCB}.Release|Any CPU.Build.0 = Release|Any CPU
		{82FA5726-186A-4B69-9FBE-801EE8B94BCB}.Release|x64.ActiveCfg = Release|Any CPU
		{82FA5726-186A-4B69-9FBE-801EE8B94BCB}.Release|x64.Build.0 = Release|Any CPU
		{82FA5726-186A-4B69-9FBE-801EE8B94BCB}.Release|x86.ActiveCfg = Release|Any CPU
		{82FA5726-186A-4B69-9FBE-801EE8B94BCB}.Release|x86.Build.0 = Release|Any CPU
		{5206E070-C801-419C-A3A1-38D36A174543}.Debug|Any CPU.ActiveCfg = Debug|Any CPU
		{5206E070-C801-419C-A3A1-38D36A174543}.Debug|Any CPU.Build.0 = Debug|Any CPU
		{5206E070-C801-419C-A3A1-38D36A174543}.Debug|x64.ActiveCfg = Debug|Any CPU
		{5206E070-C801-419C-A3A1-38D36A174543}.Debug|x64.Build.0 = Debug|Any CPU
		{5206E070-C801-419C-A3A1-38D36A174543}.Debug|x86.ActiveCfg = Debug|Any CPU
		{5206E070-C801-419C-A3A1-38D36A174543}.Debug|x86.Build.0 = Debug|Any CPU
		{5206E070-C801-419C-A3A1-38D36A174543}.Release|Any CPU.ActiveCfg = Release|Any CPU
		{5206E070-C801-419C-A3A1-38D36A174543}.Release|Any CPU.Build.0 = Release|Any CPU
		{5206E070-C801-419C-A3A1-38D36A174543}.Release|x64.ActiveCfg = Release|Any CPU
		{5206E070-C801-419C-A3A1-38D36A174543}.Release|x64.Build.0 = Release|Any CPU
		{5206E070-C801-419C-A3A1-38D36A174543}.Release|x86.ActiveCfg = Release|Any CPU
		{5206E070-C801-419C-A3A1-38D36A174543}.Release|x86.Build.0 = Release|Any CPU
		{3D1EB41C-C298-40D0-90C6-229756D55FB3}.Debug|Any CPU.ActiveCfg = Debug|Any CPU
		{3D1EB41C-C298-40D0-90C6-229756D55FB3}.Debug|Any CPU.Build.0 = Debug|Any CPU
		{3D1EB41C-C298-40D0-90C6-229756D55FB3}.Debug|x64.ActiveCfg = Debug|Any CPU
		{3D1EB41C-C298-40D0-90C6-229756D55FB3}.Debug|x64.Build.0 = Debug|Any CPU
		{3D1EB41C-C298-40D0-90C6-229756D55FB3}.Debug|x86.ActiveCfg = Debug|Any CPU
		{3D1EB41C-C298-40D0-90C6-229756D55FB3}.Debug|x86.Build.0 = Debug|Any CPU
		{3D1EB41C-C298-40D0-90C6-229756D55FB3}.Release|Any CPU.ActiveCfg = Release|Any CPU
		{3D1EB41C-C298-40D0-90C6-229756D55FB3}.Release|Any CPU.Build.0 = Release|Any CPU
		{3D1EB41C-C298-40D0-90C6-229756D55FB3}.Release|x64.ActiveCfg = Release|Any CPU
		{3D1EB41C-C298-40D0-90C6-229756D55FB3}.Release|x64.Build.0 = Release|Any CPU
		{3D1EB41C-C298-40D0-90C6-229756D55FB3}.Release|x86.ActiveCfg = Release|Any CPU
		{3D1EB41C-C298-40D0-90C6-229756D55FB3}.Release|x86.Build.0 = Release|Any CPU
		{327F7899-73C1-4812-A5A9-0973247DC52E}.Debug|Any CPU.ActiveCfg = Debug|Any CPU
		{327F7899-73C1-4812-A5A9-0973247DC52E}.Debug|Any CPU.Build.0 = Debug|Any CPU
		{327F7899-73C1-4812-A5A9-0973247DC52E}.Debug|x64.ActiveCfg = Debug|Any CPU
		{327F7899-73C1-4812-A5A9-0973247DC52E}.Debug|x64.Build.0 = Debug|Any CPU
		{327F7899-73C1-4812-A5A9-0973247DC52E}.Debug|x86.ActiveCfg = Debug|Any CPU
		{327F7899-73C1-4812-A5A9-0973247DC52E}.Debug|x86.Build.0 = Debug|Any CPU
		{327F7899-73C1-4812-A5A9-0973247DC52E}.Release|Any CPU.ActiveCfg = Release|Any CPU
		{327F7899-73C1-4812-A5A9-0973247DC52E}.Release|Any CPU.Build.0 = Release|Any CPU
		{327F7899-73C1-4812-A5A9-0973247DC52E}.Release|x64.ActiveCfg = Release|Any CPU
		{327F7899-73C1-4812-A5A9-0973247DC52E}.Release|x64.Build.0 = Release|Any CPU
		{327F7899-73C1-4812-A5A9-0973247DC52E}.Release|x86.ActiveCfg = Release|Any CPU
		{327F7899-73C1-4812-A5A9-0973247DC52E}.Release|x86.Build.0 = Release|Any CPU
		{B685CFF5-F0B4-4361-871A-59AD6B321661}.Debug|Any CPU.ActiveCfg = Debug|Any CPU
		{B685CFF5-F0B4-4361-871A-59AD6B321661}.Debug|Any CPU.Build.0 = Debug|Any CPU
		{B685CFF5-F0B4-4361-871A-59AD6B321661}.Debug|x64.ActiveCfg = Debug|Any CPU
		{B685CFF5-F0B4-4361-871A-59AD6B321661}.Debug|x64.Build.0 = Debug|Any CPU
		{B685CFF5-F0B4-4361-871A-59AD6B321661}.Debug|x86.ActiveCfg = Debug|Any CPU
		{B685CFF5-F0B4-4361-871A-59AD6B321661}.Debug|x86.Build.0 = Debug|Any CPU
		{B685CFF5-F0B4-4361-871A-59AD6B321661}.Release|Any CPU.ActiveCfg = Release|Any CPU
		{B685CFF5-F0B4-4361-871A-59AD6B321661}.Release|Any CPU.Build.0 = Release|Any CPU
		{B685CFF5-F0B4-4361-871A-59AD6B321661}.Release|x64.ActiveCfg = Release|Any CPU
		{B685CFF5-F0B4-4361-871A-59AD6B321661}.Release|x64.Build.0 = Release|Any CPU
		{B685CFF5-F0B4-4361-871A-59AD6B321661}.Release|x86.ActiveCfg = Release|Any CPU
		{B685CFF5-F0B4-4361-871A-59AD6B321661}.Release|x86.Build.0 = Release|Any CPU
		{DFB76828-3E40-4AF5-B582-29A657A39574}.Debug|Any CPU.ActiveCfg = Debug|Any CPU
		{DFB76828-3E40-4AF5-B582-29A657A39574}.Debug|Any CPU.Build.0 = Debug|Any CPU
		{DFB76828-3E40-4AF5-B582-29A657A39574}.Debug|x64.ActiveCfg = Debug|Any CPU
		{DFB76828-3E40-4AF5-B582-29A657A39574}.Debug|x64.Build.0 = Debug|Any CPU
		{DFB76828-3E40-4AF5-B582-29A657A39574}.Debug|x86.ActiveCfg = Debug|Any CPU
		{DFB76828-3E40-4AF5-B582-29A657A39574}.Debug|x86.Build.0 = Debug|Any CPU
		{DFB76828-3E40-4AF5-B582-29A657A39574}.Release|Any CPU.ActiveCfg = Release|Any CPU
		{DFB76828-3E40-4AF5-B582-29A657A39574}.Release|Any CPU.Build.0 = Release|Any CPU
		{DFB76828-3E40-4AF5-B582-29A657A39574}.Release|x64.ActiveCfg = Release|Any CPU
		{DFB76828-3E40-4AF5-B582-29A657A39574}.Release|x64.Build.0 = Release|Any CPU
		{DFB76828-3E40-4AF5-B582-29A657A39574}.Release|x86.ActiveCfg = Release|Any CPU
		{DFB76828-3E40-4AF5-B582-29A657A39574}.Release|x86.Build.0 = Release|Any CPU
		{23BBC639-4893-4C8D-B6FB-CBB7BF61EC43}.Debug|Any CPU.ActiveCfg = Debug|Any CPU
		{23BBC639-4893-4C8D-B6FB-CBB7BF61EC43}.Debug|Any CPU.Build.0 = Debug|Any CPU
		{23BBC639-4893-4C8D-B6FB-CBB7BF61EC43}.Debug|x64.ActiveCfg = Debug|Any CPU
		{23BBC639-4893-4C8D-B6FB-CBB7BF61EC43}.Debug|x64.Build.0 = Debug|Any CPU
		{23BBC639-4893-4C8D-B6FB-CBB7BF61EC43}.Debug|x86.ActiveCfg = Debug|Any CPU
		{23BBC639-4893-4C8D-B6FB-CBB7BF61EC43}.Debug|x86.Build.0 = Debug|Any CPU
		{23BBC639-4893-4C8D-B6FB-CBB7BF61EC43}.Release|Any CPU.ActiveCfg = Release|Any CPU
		{23BBC639-4893-4C8D-B6FB-CBB7BF61EC43}.Release|Any CPU.Build.0 = Release|Any CPU
		{23BBC639-4893-4C8D-B6FB-CBB7BF61EC43}.Release|x64.ActiveCfg = Release|Any CPU
		{23BBC639-4893-4C8D-B6FB-CBB7BF61EC43}.Release|x64.Build.0 = Release|Any CPU
		{23BBC639-4893-4C8D-B6FB-CBB7BF61EC43}.Release|x86.ActiveCfg = Release|Any CPU
		{23BBC639-4893-4C8D-B6FB-CBB7BF61EC43}.Release|x86.Build.0 = Release|Any CPU
		{C005C899-9EE3-4779-849B-F52381D24E86}.Debug|Any CPU.ActiveCfg = Debug|Any CPU
		{C005C899-9EE3-4779-849B-F52381D24E86}.Debug|Any CPU.Build.0 = Debug|Any CPU
		{C005C899-9EE3-4779-849B-F52381D24E86}.Debug|x64.ActiveCfg = Debug|Any CPU
		{C005C899-9EE3-4779-849B-F52381D24E86}.Debug|x64.Build.0 = Debug|Any CPU
		{C005C899-9EE3-4779-849B-F52381D24E86}.Debug|x86.ActiveCfg = Debug|Any CPU
		{C005C899-9EE3-4779-849B-F52381D24E86}.Debug|x86.Build.0 = Debug|Any CPU
		{C005C899-9EE3-4779-849B-F52381D24E86}.Release|Any CPU.ActiveCfg = Release|Any CPU
		{C005C899-9EE3-4779-849B-F52381D24E86}.Release|Any CPU.Build.0 = Release|Any CPU
		{C005C899-9EE3-4779-849B-F52381D24E86}.Release|x64.ActiveCfg = Release|Any CPU
		{C005C899-9EE3-4779-849B-F52381D24E86}.Release|x64.Build.0 = Release|Any CPU
		{C005C899-9EE3-4779-849B-F52381D24E86}.Release|x86.ActiveCfg = Release|Any CPU
		{C005C899-9EE3-4779-849B-F52381D24E86}.Release|x86.Build.0 = Release|Any CPU
		{32F0F576-B319-4954-8E3B-18005E545574}.Debug|Any CPU.ActiveCfg = Debug|Any CPU
		{32F0F576-B319-4954-8E3B-18005E545574}.Debug|Any CPU.Build.0 = Debug|Any CPU
		{32F0F576-B319-4954-8E3B-18005E545574}.Debug|x64.ActiveCfg = Debug|Any CPU
		{32F0F576-B319-4954-8E3B-18005E545574}.Debug|x64.Build.0 = Debug|Any CPU
		{32F0F576-B319-4954-8E3B-18005E545574}.Debug|x86.ActiveCfg = Debug|Any CPU
		{32F0F576-B319-4954-8E3B-18005E545574}.Debug|x86.Build.0 = Debug|Any CPU
		{32F0F576-B319-4954-8E3B-18005E545574}.Release|Any CPU.ActiveCfg = Release|Any CPU
		{32F0F576-B319-4954-8E3B-18005E545574}.Release|Any CPU.Build.0 = Release|Any CPU
		{32F0F576-B319-4954-8E3B-18005E545574}.Release|x64.ActiveCfg = Release|Any CPU
		{32F0F576-B319-4954-8E3B-18005E545574}.Release|x64.Build.0 = Release|Any CPU
		{32F0F576-B319-4954-8E3B-18005E545574}.Release|x86.ActiveCfg = Release|Any CPU
		{32F0F576-B319-4954-8E3B-18005E545574}.Release|x86.Build.0 = Release|Any CPU
		{293CBB83-C771-4585-BED6-DCBA29DCA4AE}.Debug|Any CPU.ActiveCfg = Debug|Any CPU
		{293CBB83-C771-4585-BED6-DCBA29DCA4AE}.Debug|Any CPU.Build.0 = Debug|Any CPU
		{293CBB83-C771-4585-BED6-DCBA29DCA4AE}.Debug|x64.ActiveCfg = Debug|Any CPU
		{293CBB83-C771-4585-BED6-DCBA29DCA4AE}.Debug|x64.Build.0 = Debug|Any CPU
		{293CBB83-C771-4585-BED6-DCBA29DCA4AE}.Debug|x86.ActiveCfg = Debug|Any CPU
		{293CBB83-C771-4585-BED6-DCBA29DCA4AE}.Debug|x86.Build.0 = Debug|Any CPU
		{293CBB83-C771-4585-BED6-DCBA29DCA4AE}.Release|Any CPU.ActiveCfg = Release|Any CPU
		{293CBB83-C771-4585-BED6-DCBA29DCA4AE}.Release|Any CPU.Build.0 = Release|Any CPU
		{293CBB83-C771-4585-BED6-DCBA29DCA4AE}.Release|x64.ActiveCfg = Release|Any CPU
		{293CBB83-C771-4585-BED6-DCBA29DCA4AE}.Release|x64.Build.0 = Release|Any CPU
		{293CBB83-C771-4585-BED6-DCBA29DCA4AE}.Release|x86.ActiveCfg = Release|Any CPU
		{293CBB83-C771-4585-BED6-DCBA29DCA4AE}.Release|x86.Build.0 = Release|Any CPU
		{5ABDAB5F-AFBA-4285-BB67-9F73BFD5EAC6}.Debug|Any CPU.ActiveCfg = Debug|Any CPU
		{5ABDAB5F-AFBA-4285-BB67-9F73BFD5EAC6}.Debug|Any CPU.Build.0 = Debug|Any CPU
		{5ABDAB5F-AFBA-4285-BB67-9F73BFD5EAC6}.Debug|x64.ActiveCfg = Debug|Any CPU
		{5ABDAB5F-AFBA-4285-BB67-9F73BFD5EAC6}.Debug|x64.Build.0 = Debug|Any CPU
		{5ABDAB5F-AFBA-4285-BB67-9F73BFD5EAC6}.Debug|x86.ActiveCfg = Debug|Any CPU
		{5ABDAB5F-AFBA-4285-BB67-9F73BFD5EAC6}.Debug|x86.Build.0 = Debug|Any CPU
		{5ABDAB5F-AFBA-4285-BB67-9F73BFD5EAC6}.Release|Any CPU.ActiveCfg = Release|Any CPU
		{5ABDAB5F-AFBA-4285-BB67-9F73BFD5EAC6}.Release|Any CPU.Build.0 = Release|Any CPU
		{5ABDAB5F-AFBA-4285-BB67-9F73BFD5EAC6}.Release|x64.ActiveCfg = Release|Any CPU
		{5ABDAB5F-AFBA-4285-BB67-9F73BFD5EAC6}.Release|x64.Build.0 = Release|Any CPU
		{5ABDAB5F-AFBA-4285-BB67-9F73BFD5EAC6}.Release|x86.ActiveCfg = Release|Any CPU
		{5ABDAB5F-AFBA-4285-BB67-9F73BFD5EAC6}.Release|x86.Build.0 = Release|Any CPU
		{1EBA0455-6C01-4612-8FAA-9DD0CD2DBFAA}.Debug|Any CPU.ActiveCfg = Debug|Any CPU
		{1EBA0455-6C01-4612-8FAA-9DD0CD2DBFAA}.Debug|Any CPU.Build.0 = Debug|Any CPU
		{1EBA0455-6C01-4612-8FAA-9DD0CD2DBFAA}.Debug|x64.ActiveCfg = Debug|Any CPU
		{1EBA0455-6C01-4612-8FAA-9DD0CD2DBFAA}.Debug|x64.Build.0 = Debug|Any CPU
		{1EBA0455-6C01-4612-8FAA-9DD0CD2DBFAA}.Debug|x86.ActiveCfg = Debug|Any CPU
		{1EBA0455-6C01-4612-8FAA-9DD0CD2DBFAA}.Debug|x86.Build.0 = Debug|Any CPU
		{1EBA0455-6C01-4612-8FAA-9DD0CD2DBFAA}.Release|Any CPU.ActiveCfg = Release|Any CPU
		{1EBA0455-6C01-4612-8FAA-9DD0CD2DBFAA}.Release|Any CPU.Build.0 = Release|Any CPU
		{1EBA0455-6C01-4612-8FAA-9DD0CD2DBFAA}.Release|x64.ActiveCfg = Release|Any CPU
		{1EBA0455-6C01-4612-8FAA-9DD0CD2DBFAA}.Release|x64.Build.0 = Release|Any CPU
		{1EBA0455-6C01-4612-8FAA-9DD0CD2DBFAA}.Release|x86.ActiveCfg = Release|Any CPU
		{1EBA0455-6C01-4612-8FAA-9DD0CD2DBFAA}.Release|x86.Build.0 = Release|Any CPU
		{1DF730DD-89FA-42AE-9C6D-1250D0653263}.Debug|Any CPU.ActiveCfg = Debug|Any CPU
		{1DF730DD-89FA-42AE-9C6D-1250D0653263}.Debug|Any CPU.Build.0 = Debug|Any CPU
		{1DF730DD-89FA-42AE-9C6D-1250D0653263}.Debug|x64.ActiveCfg = Debug|Any CPU
		{1DF730DD-89FA-42AE-9C6D-1250D0653263}.Debug|x64.Build.0 = Debug|Any CPU
		{1DF730DD-89FA-42AE-9C6D-1250D0653263}.Debug|x86.ActiveCfg = Debug|Any CPU
		{1DF730DD-89FA-42AE-9C6D-1250D0653263}.Debug|x86.Build.0 = Debug|Any CPU
		{1DF730DD-89FA-42AE-9C6D-1250D0653263}.Release|Any CPU.ActiveCfg = Release|Any CPU
		{1DF730DD-89FA-42AE-9C6D-1250D0653263}.Release|Any CPU.Build.0 = Release|Any CPU
		{1DF730DD-89FA-42AE-9C6D-1250D0653263}.Release|x64.ActiveCfg = Release|Any CPU
		{1DF730DD-89FA-42AE-9C6D-1250D0653263}.Release|x64.Build.0 = Release|Any CPU
		{1DF730DD-89FA-42AE-9C6D-1250D0653263}.Release|x86.ActiveCfg = Release|Any CPU
		{1DF730DD-89FA-42AE-9C6D-1250D0653263}.Release|x86.Build.0 = Release|Any CPU
		{6486A20C-BAE9-4495-8055-294646FEAF93}.Debug|Any CPU.ActiveCfg = Debug|Any CPU
		{6486A20C-BAE9-4495-8055-294646FEAF93}.Debug|Any CPU.Build.0 = Debug|Any CPU
		{6486A20C-BAE9-4495-8055-294646FEAF93}.Debug|x64.ActiveCfg = Debug|Any CPU
		{6486A20C-BAE9-4495-8055-294646FEAF93}.Debug|x64.Build.0 = Debug|Any CPU
		{6486A20C-BAE9-4495-8055-294646FEAF93}.Debug|x86.ActiveCfg = Debug|Any CPU
		{6486A20C-BAE9-4495-8055-294646FEAF93}.Debug|x86.Build.0 = Debug|Any CPU
		{6486A20C-BAE9-4495-8055-294646FEAF93}.Release|Any CPU.ActiveCfg = Release|Any CPU
		{6486A20C-BAE9-4495-8055-294646FEAF93}.Release|Any CPU.Build.0 = Release|Any CPU
		{6486A20C-BAE9-4495-8055-294646FEAF93}.Release|x64.ActiveCfg = Release|Any CPU
		{6486A20C-BAE9-4495-8055-294646FEAF93}.Release|x64.Build.0 = Release|Any CPU
		{6486A20C-BAE9-4495-8055-294646FEAF93}.Release|x86.ActiveCfg = Release|Any CPU
		{6486A20C-BAE9-4495-8055-294646FEAF93}.Release|x86.Build.0 = Release|Any CPU
	EndGlobalSection
	GlobalSection(SolutionProperties) = preSolution
		HideSolutionNode = FALSE
	EndGlobalSection
	GlobalSection(NestedProjects) = preSolution
		{82FA5726-186A-4B69-9FBE-801EE8B94BCB} = {5A6BCBAB-C752-41AB-A57C-2944E16CD011}
		{5206E070-C801-419C-A3A1-38D36A174543} = {5A6BCBAB-C752-41AB-A57C-2944E16CD011}
		{3D1EB41C-C298-40D0-90C6-229756D55FB3} = {5A6BCBAB-C752-41AB-A57C-2944E16CD011}
		{327F7899-73C1-4812-A5A9-0973247DC52E} = {5A6BCBAB-C752-41AB-A57C-2944E16CD011}
		{B685CFF5-F0B4-4361-871A-59AD6B321661} = {5A6BCBAB-C752-41AB-A57C-2944E16CD011}
		{DFB76828-3E40-4AF5-B582-29A657A39574} = {5A6BCBAB-C752-41AB-A57C-2944E16CD011}
		{32F0F576-B319-4954-8E3B-18005E545574} = {5A6BCBAB-C752-41AB-A57C-2944E16CD011}
		{5ABDAB5F-AFBA-4285-BB67-9F73BFD5EAC6} = {5A6BCBAB-C752-41AB-A57C-2944E16CD011}
		{1EBA0455-6C01-4612-8FAA-9DD0CD2DBFAA} = {5A6BCBAB-C752-41AB-A57C-2944E16CD011}
		{1DF730DD-89FA-42AE-9C6D-1250D0653263} = {5A6BCBAB-C752-41AB-A57C-2944E16CD011}
		{6486A20C-BAE9-4495-8055-294646FEAF93} = {5A6BCBAB-C752-41AB-A57C-2944E16CD011}
	EndGlobalSection
	GlobalSection(ExtensibilityGlobals) = postSolution
		SolutionGuid = {2F2355FE-529B-4E98-8D27-0B14C08B60AE}
	EndGlobalSection
EndGlobal
